
Microsoft Visual Studio Solution File, Format Version 12.00
# Visual Studio Version 16
VisualStudioVersion = 16.0.30011.22
MinimumVisualStudioVersion = 10.0.40219.1
Project("{9A19103F-16F7-4668-BE54-9A1E7A4F7556}") = "EjemplosBasicosConsola", "ClaseCSharp-02may22Myriam\EjemplosBasicosConsola.csproj", "{2DF71468-8B0D-43C9-851D-FB6F950E4B27}"
EndProject
Project("{9A19103F-16F7-4668-BE54-9A1E7A4F7556}") = "EjemploHerenciaPersonaAlumno", "EjemploHerenciaPersonaAlumno\EjemploHerenciaPersonaAlumno.csproj", "{D3D59109-1B06-42A4-B310-DE3F247A65EF}"
EndProject
Global
	GlobalSection(SolutionConfigurationPlatforms) = preSolution
		Debug|Any CPU = Debug|Any CPU
		Release|Any CPU = Release|Any CPU
	EndGlobalSection
	GlobalSection(ProjectConfigurationPlatforms) = postSolution
		{2DF71468-8B0D-43C9-851D-FB6F950E4B27}.Debug|Any CPU.ActiveCfg = Debug|Any CPU
		{2DF71468-8B0D-43C9-851D-FB6F950E4B27}.Debug|Any CPU.Build.0 = Debug|Any CPU
		{2DF71468-8B0D-43C9-851D-FB6F950E4B27}.Release|Any CPU.ActiveCfg = Release|Any CPU
		{2DF71468-8B0D-43C9-851D-FB6F950E4B27}.Release|Any CPU.Build.0 = Release|Any CPU
		{D3D59109-1B06-42A4-B310-DE3F247A65EF}.Debug|Any CPU.ActiveCfg = Debug|Any CPU
		{D3D59109-1B06-42A4-B310-DE3F247A65EF}.Debug|Any CPU.Build.0 = Debug|Any CPU
		{D3D59109-1B06-42A4-B310-DE3F247A65EF}.Release|Any CPU.ActiveCfg = Release|Any CPU
		{D3D59109-1B06-42A4-B310-DE3F247A65EF}.Release|Any CPU.Build.0 = Release|Any CPU
	EndGlobalSection
	GlobalSection(SolutionProperties) = preSolution
		HideSolutionNode = FALSE
	EndGlobalSection
	GlobalSection(ExtensibilityGlobals) = postSolution
		SolutionGuid = {40141988-FA7E-455B-9C96-02B4979D225C}
	EndGlobalSection
EndGlobal
